
Microsoft Visual Studio Solution File, Format Version 12.00
# Visual Studio Version 17
VisualStudioVersion = 17.0.31903.59
MinimumVisualStudioVersion = 10.0.40219.1
Project("{FAE04EC0-301F-11D3-BF4B-00C04F79EFBC}") = "day1", "day1\day1.csproj", "{6C2F73B0-2D5F-488B-858E-91C4F99D86AA}"
EndProject
Project("{FAE04EC0-301F-11D3-BF4B-00C04F79EFBC}") = "day2", "day2\day2.csproj", "{9E6BE9E9-78F7-423A-BE6F-997B7D6C9625}"
EndProject
Project("{FAE04EC0-301F-11D3-BF4B-00C04F79EFBC}") = "day3", "day3\day3.csproj", "{BE4B042C-2AE1-4B16-A659-E0396A55241D}"
EndProject
Project("{FAE04EC0-301F-11D3-BF4B-00C04F79EFBC}") = "day4", "day4\day4.csproj", "{B0662C56-AA25-4D33-8628-755E4CB2DCA8}"
EndProject
Global
	GlobalSection(SolutionConfigurationPlatforms) = preSolution
		Debug|Any CPU = Debug|Any CPU
		Debug|x64 = Debug|x64
		Debug|x86 = Debug|x86
		Release|Any CPU = Release|Any CPU
		Release|x64 = Release|x64
		Release|x86 = Release|x86
	EndGlobalSection
	GlobalSection(ProjectConfigurationPlatforms) = postSolution
		{6C2F73B0-2D5F-488B-858E-91C4F99D86AA}.Debug|Any CPU.ActiveCfg = Debug|Any CPU
		{6C2F73B0-2D5F-488B-858E-91C4F99D86AA}.Debug|Any CPU.Build.0 = Debug|Any CPU
		{6C2F73B0-2D5F-488B-858E-91C4F99D86AA}.Debug|x64.ActiveCfg = Debug|Any CPU
		{6C2F73B0-2D5F-488B-858E-91C4F99D86AA}.Debug|x64.Build.0 = Debug|Any CPU
		{6C2F73B0-2D5F-488B-858E-91C4F99D86AA}.Debug|x86.ActiveCfg = Debug|Any CPU
		{6C2F73B0-2D5F-488B-858E-91C4F99D86AA}.Debug|x86.Build.0 = Debug|Any CPU
		{6C2F73B0-2D5F-488B-858E-91C4F99D86AA}.Release|Any CPU.ActiveCfg = Release|Any CPU
		{6C2F73B0-2D5F-488B-858E-91C4F99D86AA}.Release|Any CPU.Build.0 = Release|Any CPU
		{6C2F73B0-2D5F-488B-858E-91C4F99D86AA}.Release|x64.ActiveCfg = Release|Any CPU
		{6C2F73B0-2D5F-488B-858E-91C4F99D86AA}.Release|x64.Build.0 = Release|Any CPU
		{6C2F73B0-2D5F-488B-858E-91C4F99D86AA}.Release|x86.ActiveCfg = Release|Any CPU
		{6C2F73B0-2D5F-488B-858E-91C4F99D86AA}.Release|x86.Build.0 = Release|Any CPU
		{9E6BE9E9-78F7-423A-BE6F-997B7D6C9625}.Debug|Any CPU.ActiveCfg = Debug|Any CPU
		{9E6BE9E9-78F7-423A-BE6F-997B7D6C9625}.Debug|Any CPU.Build.0 = Debug|Any CPU
		{9E6BE9E9-78F7-423A-BE6F-997B7D6C9625}.Debug|x64.ActiveCfg = Debug|Any CPU
		{9E6BE9E9-78F7-423A-BE6F-997B7D6C9625}.Debug|x64.Build.0 = Debug|Any CPU
		{9E6BE9E9-78F7-423A-BE6F-997B7D6C9625}.Debug|x86.ActiveCfg = Debug|Any CPU
		{9E6BE9E9-78F7-423A-BE6F-997B7D6C9625}.Debug|x86.Build.0 = Debug|Any CPU
		{9E6BE9E9-78F7-423A-BE6F-997B7D6C9625}.Release|Any CPU.ActiveCfg = Release|Any CPU
		{9E6BE9E9-78F7-423A-BE6F-997B7D6C9625}.Release|Any CPU.Build.0 = Release|Any CPU
		{9E6BE9E9-78F7-423A-BE6F-997B7D6C9625}.Release|x64.ActiveCfg = Release|Any CPU
		{9E6BE9E9-78F7-423A-BE6F-997B7D6C9625}.Release|x64.Build.0 = Release|Any CPU
		{9E6BE9E9-78F7-423A-BE6F-997B7D6C9625}.Release|x86.ActiveCfg = Release|Any CPU
		{9E6BE9E9-78F7-423A-BE6F-997B7D6C9625}.Release|x86.Build.0 = Release|Any CPU
		{BE4B042C-2AE1-4B16-A659-E0396A55241D}.Debug|Any CPU.ActiveCfg = Debug|Any CPU
		{BE4B042C-2AE1-4B16-A659-E0396A55241D}.Debug|Any CPU.Build.0 = Debug|Any CPU
		{BE4B042C-2AE1-4B16-A659-E0396A55241D}.Debug|x64.ActiveCfg = Debug|Any CPU
		{BE4B042C-2AE1-4B16-A659-E0396A55241D}.Debug|x64.Build.0 = Debug|Any CPU
		{BE4B042C-2AE1-4B16-A659-E0396A55241D}.Debug|x86.ActiveCfg = Debug|Any CPU
		{BE4B042C-2AE1-4B16-A659-E0396A55241D}.Debug|x86.Build.0 = Debug|Any CPU
		{BE4B042C-2AE1-4B16-A659-E0396A55241D}.Release|Any CPU.ActiveCfg = Release|Any CPU
		{BE4B042C-2AE1-4B16-A659-E0396A55241D}.Release|Any CPU.Build.0 = Release|Any CPU
		{BE4B042C-2AE1-4B16-A659-E0396A55241D}.Release|x64.ActiveCfg = Release|Any CPU
		{BE4B042C-2AE1-4B16-A659-E0396A55241D}.Release|x64.Build.0 = Release|Any CPU
		{BE4B042C-2AE1-4B16-A659-E0396A55241D}.Release|x86.ActiveCfg = Release|Any CPU
		{BE4B042C-2AE1-4B16-A659-E0396A55241D}.Release|x86.Build.0 = Release|Any CPU
		{B0662C56-AA25-4D33-8628-755E4CB2DCA8}.Debug|Any CPU.ActiveCfg = Debug|Any CPU
		{B0662C56-AA25-4D33-8628-755E4CB2DCA8}.Debug|Any CPU.Build.0 = Debug|Any CPU
		{B0662C56-AA25-4D33-8628-755E4CB2DCA8}.Debug|x64.ActiveCfg = Debug|Any CPU
		{B0662C56-AA25-4D33-8628-755E4CB2DCA8}.Debug|x64.Build.0 = Debug|Any CPU
		{B0662C56-AA25-4D33-8628-755E4CB2DCA8}.Debug|x86.ActiveCfg = Debug|Any CPU
		{B0662C56-AA25-4D33-8628-755E4CB2DCA8}.Debug|x86.Build.0 = Debug|Any CPU
		{B0662C56-AA25-4D33-8628-755E4CB2DCA8}.Release|Any CPU.ActiveCfg = Release|Any CPU
		{B0662C56-AA25-4D33-8628-755E4CB2DCA8}.Release|Any CPU.Build.0 = Release|Any CPU
		{B0662C56-AA25-4D33-8628-755E4CB2DCA8}.Release|x64.ActiveCfg = Release|Any CPU
		{B0662C56-AA25-4D33-8628-755E4CB2DCA8}.Release|x64.Build.0 = Release|Any CPU
		{B0662C56-AA25-4D33-8628-755E4CB2DCA8}.Release|x86.ActiveCfg = Release|Any CPU
		{B0662C56-AA25-4D33-8628-755E4CB2DCA8}.Release|x86.Build.0 = Release|Any CPU
	EndGlobalSection
	GlobalSection(SolutionProperties) = preSolution
		HideSolutionNode = FALSE
	EndGlobalSection
EndGlobal
